
Microsoft Visual Studio Solution File, Format Version 12.00
# Visual Studio Version 16
VisualStudioVersion = 16.0.31025.194
MinimumVisualStudioVersion = 10.0.40219.1
Project("{8BC9CEB8-8B4A-11D0-8D11-00A0C91BC942}") = "lr3Lena", "lr3Lena\lr3Lena.vcxproj", "{51FB3D5E-4DDA-4346-9AEC-4C01E2A9E8CF}"
EndProject
Global
	GlobalSection(SolutionConfigurationPlatforms) = preSolution
		Debug|x64 = Debug|x64
		Debug|x86 = Debug|x86
		Release|x64 = Release|x64
		Release|x86 = Release|x86
	EndGlobalSection
	GlobalSection(ProjectConfigurationPlatforms) = postSolution
		{51FB3D5E-4DDA-4346-9AEC-4C01E2A9E8CF}.Debug|x64.ActiveCfg = Debug|x64
		{51FB3D5E-4DDA-4346-9AEC-4C01E2A9E8CF}.Debug|x64.Build.0 = Debug|x64
		{51FB3D5E-4DDA-4346-9AEC-4C01E2A9E8CF}.Debug|x86.ActiveCfg = Debug|Win32
		{51FB3D5E-4DDA-4346-9AEC-4C01E2A9E8CF}.Debug|x86.Build.0 = Debug|Win32
		{51FB3D5E-4DDA-4346-9AEC-4C01E2A9E8CF}.Release|x64.ActiveCfg = Release|x64
		{51FB3D5E-4DDA-4346-9AEC-4C01E2A9E8CF}.Release|x64.Build.0 = Release|x64
		{51FB3D5E-4DDA-4346-9AEC-4C01E2A9E8CF}.Release|x86.ActiveCfg = Release|Win32
		{51FB3D5E-4DDA-4346-9AEC-4C01E2A9E8CF}.Release|x86.Build.0 = Release|Win32
	EndGlobalSection
	GlobalSection(SolutionProperties) = preSolution
		HideSolutionNode = FALSE
	EndGlobalSection
	GlobalSection(ExtensibilityGlobals) = postSolution
		SolutionGuid = {4584C4FB-8073-42FC-9C72-FAAC086CEDD1}
	EndGlobalSection
EndGlobal
